dependencies:
- name: testkube-operator
  repository: file://../testkube-operator
  version: 0.7.5
- name: mongodb
  repository: https://charts.bitnami.com/bitnami
  version: 10.0.0
- name: api-server
  repository: file://../api-server
  version: 0.7.22
- name: testkube-dashboard
  repository: file://../testkube-dashboard
  version: 0.7.6
digest: sha256:0a184791c922bffef81bcbd83551a03f7a52b38d05e9350499277da8fb4d3bd8
generated: "2022-01-18T10:02:54.407154346Z"
