apiVersion: vendir.k14s.io/v1alpha1
directories:
- contents:
  - helmChart:
      appVersion: v1.7.1
      version: v1.7.1
    path: helm-chart
  - http: {}
    path: crds
  path: cert-manager/synced
- contents: null
  path: eks-crossplane-example
- contents:
  - helmChart:
      appVersion: 2.2.5
      version: 3.0.6
    path: helm-chart
  - git:
      commitTitle: 'docs: add security documentation related to git repositories (#8463)...'
      sha: 6f4bbb5a55acec60d158b090ffa5eeea475b99fc
      tags:
      - stable
    path: vendor-manifests
  - git:
      commitTitle: 'docs: update installation instructions...'
      sha: 94e41261793f27c51de38f5c5544b1bb05a9e2e5
    path: argocd-extensions
  - git:
      commitTitle: 'refactor: update argo-ui version...'
      sha: c756b99e0c2ca43669c52835d9f948b116870330
    path: extension-ui-rollouts
  path: argo-cd/synced/
- contents:
  - helmChart:
      appVersion: 3.2.8
      version: 0.2.6
    path: helm-chart
  path: argo-workflows/synced
- contents:
  - helmChart:
      appVersion: v1.2.1
      version: 1.8.0
    path: helm-chart
  path: argocd-notifications/synced
- contents:
  - helmChart:
      appVersion: v0.3.0
      version: 1.11.0
    path: helm-chart
  path: argocd-applicationset/synced
- contents:
  - helmChart:
      appVersion: v1.1.1
      version: 2.10.0
    path: helm-chart
  path: argo-rollouts/synced
- contents:
  - helmChart:
      appVersion: v1.6.0
      version: 1.12.0
    path: helm-chart
  path: argo-events/synced
- contents:
  - helmChart:
      appVersion: 0.6.1
      version: 5.11.2
    path: helm-chart
  path: metrics-server/synced
- contents:
  - helmChart:
      appVersion: 0.1.0
      version: 3.2.25
    path: helm-chart
  path: kubewatch/synced
- contents:
  - helmChart:
      appVersion: 2.4.0
      version: 2.2.8
    path: helm-chart
  path: kube-state-metrics/synced
- contents:
  - helmChart:
      appVersion: v0.17.3
      version: 2.1.3
    path: helm-chart
  path: sealed-secrets/synced
- contents:
  - helmChart:
      appVersion: 1.6.3
      version: 1.6.3
    path: helm-chart
  - git:
      commitTitle: 'Merge pull request #1163 from haarchri/feature/sqs-resolvers...'
      sha: 969f757b2e174cf35ad3b87fda7e869242b11270
      tags:
      - v0.25.0-rc.0-12-g969f757b
    path: examples
  path: crossplane/synced
kind: LockConfig
