apiVersion: vendir.k14s.io/v1alpha1
directories:
- contents:
  - helmChart:
      appVersion: v1.6.1
      version: v1.6.1
    path: helm-chart
  - http: {}
    path: crds
  path: cert-manager/synced
- contents:
  - helmChart:
      appVersion: 2.2.1
      version: 2.0.19
    path: helm-chart
  - git:
      commitTitle: 'refactor: update argo-ui version...'
      sha: c756b99e0c2ca43669c52835d9f948b116870330
    path: extension-ui-rollouts
  path: argo-cd/synced/
- contents:
  - helmChart:
      appVersion: 3.2.6
      version: 0.1.13
    path: helm-chart
  path: argo-workflows/synced
- contents:
  - helmChart:
      appVersion: v1.2.1
      version: 1.7.0
    path: helm-chart
  path: argocd-notifications/synced
- contents:
  - helmChart:
      appVersion: v0.2.0
      version: 1.7.0
    path: helm-chart
  path: argocd-applicationset/synced
- contents:
  - helmChart:
      appVersion: v1.1.0
      version: 2.7.0
    path: helm-chart
  path: argo-rollouts/synced
- contents:
  - helmChart:
      appVersion: v1.5.0
      version: 1.8.0
    path: helm-chart
  path: argo-events/synced
- contents:
  - helmChart:
      appVersion: 6.2.6
      version: 15.6.9
    path: helm-chart
  path: redis/synced
- contents:
  - helmChart:
      appVersion: 3.9.11
      version: 8.24.12
    path: helm-chart
  path: rabbitmq/synced
- contents:
  - helmChart:
      appVersion: 10.5.13
      version: 10.1.1
    path: helm-chart
  path: mariadb/synced
- contents:
  - helmChart:
      appVersion: 0.5.2
      version: 5.10.12
    path: helm-chart
  path: metrics-server/synced
- contents:
  - helmChart:
      appVersion: 0.1.0
      version: 3.2.22
    path: helm-chart
  path: kubewatch/synced
- contents:
  - helmChart:
      appVersion: 2.3.0
      version: 2.1.19
    path: helm-chart
  path: kube-state-metrics/synced
- contents:
  - helmChart:
      appVersion: 1.88.1
      version: 1.88.1
    path: helm-chart
  path: cost-analyzer/synced
- contents:
  - helmChart:
      appVersion: v0.17.1
      version: 2.0.2
    path: helm-chart
  path: sealed-secrets/synced
kind: LockConfig
